
Microsoft Visual Studio Solution File, Format Version 12.00
# Visual Studio Version 16
VisualStudioVersion = 16.0.31605.320
MinimumVisualStudioVersion = 10.0.40219.1
Project("{FAE04EC0-301F-11D3-BF4B-00C04F79EFBC}") = "ChipperUI", "ChipperUI\ChipperUI.csproj", "{79A6083D-B043-4997-AA04-88DC61EC84B3}"
EndProject
Global
	GlobalSection(SolutionConfigurationPlatforms) = preSolution
		Debug|Any CPU = Debug|Any CPU
		Release|Any CPU = Release|Any CPU
	EndGlobalSection
	GlobalSection(ProjectConfigurationPlatforms) = postSolution
		{79A6083D-B043-4997-AA04-88DC61EC84B3}.Debug|Any CPU.ActiveCfg = Debug|Any CPU
		{79A6083D-B043-4997-AA04-88DC61EC84B3}.Debug|Any CPU.Build.0 = Debug|Any CPU
		{79A6083D-B043-4997-AA04-88DC61EC84B3}.Release|Any CPU.ActiveCfg = Release|Any CPU
		{79A6083D-B043-4997-AA04-88DC61EC84B3}.Release|Any CPU.Build.0 = Release|Any CPU
	EndGlobalSection
	GlobalSection(SolutionProperties) = preSolution
		HideSolutionNode = FALSE
	EndGlobalSection
	GlobalSection(ExtensibilityGlobals) = postSolution
		SolutionGuid = {292BC051-2BAC-4F2F-9123-1CE7C98A7885}
	EndGlobalSection
EndGlobal
